
Microsoft Visual Studio Solution File, Format Version 12.00
# Visual Studio Version 17
VisualStudioVersion = 17.8.34330.188
MinimumVisualStudioVersion = 10.0.40219.1
Project("{FAE04EC0-301F-11D3-BF4B-00C04F79EFBC}") = "BigQueryHelperConsoleApp", "BigQueryHelperConsoleApp.csproj", "{22FBD781-114D-4228-93A1-27EB610574A6}"
EndProject
Global
	GlobalSection(SolutionConfigurationPlatforms) = preSolution
		Debug|Any CPU = Debug|Any CPU
		Release|Any CPU = Release|Any CPU
	EndGlobalSection
	GlobalSection(ProjectConfigurationPlatforms) = postSolution
		{22FBD781-114D-4228-93A1-27EB610574A6}.Debug|Any CPU.ActiveCfg = Debug|Any CPU
		{22FBD781-114D-4228-93A1-27EB610574A6}.Debug|Any CPU.Build.0 = Debug|Any CPU
		{22FBD781-114D-4228-93A1-27EB610574A6}.Release|Any CPU.ActiveCfg = Release|Any CPU
		{22FBD781-114D-4228-93A1-27EB610574A6}.Release|Any CPU.Build.0 = Release|Any CPU
	EndGlobalSection
	GlobalSection(SolutionProperties) = preSolution
		HideSolutionNode = FALSE
	EndGlobalSection
	GlobalSection(ExtensibilityGlobals) = postSolution
		SolutionGuid = {CE39C145-3C9C-47BE-A0CE-3A78AFB9802C}
	EndGlobalSection
EndGlobal
